
Microsoft Visual Studio Solution File, Format Version 12.00
# Visual Studio 15
VisualStudioVersion = 15.0.28307.1169
MinimumVisualStudioVersion = 10.0.40219.1
Project("{8BC9CEB8-8B4A-11D0-8D11-00A0C91BC942}") = "896. 单调数列", "896. 单调数列\896. 单调数列.vcxproj", "{B0E95664-C496-4865-813E-1AFA46344F50}"
EndProject
Global
	GlobalSection(SolutionConfigurationPlatforms) = preSolution
		Debug|x64 = Debug|x64
		Debug|x86 = Debug|x86
		Release|x64 = Release|x64
		Release|x86 = Release|x86
	EndGlobalSection
	GlobalSection(ProjectConfigurationPlatforms) = postSolution
		{B0E95664-C496-4865-813E-1AFA46344F50}.Debug|x64.ActiveCfg = Debug|x64
		{B0E95664-C496-4865-813E-1AFA46344F50}.Debug|x64.Build.0 = Debug|x64
		{B0E95664-C496-4865-813E-1AFA46344F50}.Debug|x86.ActiveCfg = Debug|Win32
		{B0E95664-C496-4865-813E-1AFA46344F50}.Debug|x86.Build.0 = Debug|Win32
		{B0E95664-C496-4865-813E-1AFA46344F50}.Release|x64.ActiveCfg = Release|x64
		{B0E95664-C496-4865-813E-1AFA46344F50}.Release|x64.Build.0 = Release|x64
		{B0E95664-C496-4865-813E-1AFA46344F50}.Release|x86.ActiveCfg = Release|Win32
		{B0E95664-C496-4865-813E-1AFA46344F50}.Release|x86.Build.0 = Release|Win32
	EndGlobalSection
	GlobalSection(SolutionProperties) = preSolution
		HideSolutionNode = FALSE
	EndGlobalSection
	GlobalSection(ExtensibilityGlobals) = postSolution
		SolutionGuid = {75207806-F676-4B81-AB07-E5D9D273EDD7}
	EndGlobalSection
EndGlobal
